
Microsoft Visual Studio Solution File, Format Version 12.00
# Visual Studio Version 16
VisualStudioVersion = 16.0.29613.14
MinimumVisualStudioVersion = 10.0.40219.1
Project("{2150E333-8FDC-42A3-9474-1A3956D46DE8}") = "arm", "arm", "{DFFA9BE8-D36A-4D21-BDAB-EE77E841AB93}"
EndProject
Project("{2150E333-8FDC-42A3-9474-1A3956D46DE8}") = "scripts", "scripts", "{31FD6E4A-2A30-477F-8567-A6D9FEB41761}"
EndProject
Project("{2150E333-8FDC-42A3-9474-1A3956D46DE8}") = "ps", "ps", "{C9A28607-0A2C-4945-A660-F61A32069FEC}"
EndProject
Project("{2150E333-8FDC-42A3-9474-1A3956D46DE8}") = "modules", "modules", "{CF17CB03-37C4-414A-99E1-1C3829B40071}"
EndProject
Project("{2150E333-8FDC-42A3-9474-1A3956D46DE8}") = "Az.DevOps", "Az.DevOps", "{A63BA1E0-9265-43EC-B359-CED93626CC09}"
	ProjectSection(SolutionItems) = preProject
		scripts\ps\modules\Az.DevOps\Az.DevOps.psd1 = scripts\ps\modules\Az.DevOps\Az.DevOps.psd1
		scripts\ps\modules\Az.DevOps\Import-Az.DevOpsModules.ps1 = scripts\ps\modules\Az.DevOps\Import-Az.DevOpsModules.ps1
		scripts\ps\modules\Az.DevOps\README.md = scripts\ps\modules\Az.DevOps\README.md
	EndProjectSection
EndProject
Project("{2150E333-8FDC-42A3-9474-1A3956D46DE8}") = ".vs", ".vs", "{7D1F607F-C98E-4111-89DB-0F8A0B7095CE}"
	ProjectSection(SolutionItems) = preProject
		scripts\ps\modules\Az.DevOps\.vs\ProjectSettings.json = scripts\ps\modules\Az.DevOps\.vs\ProjectSettings.json
		scripts\ps\modules\Az.DevOps\.vs\slnx.sqlite = scripts\ps\modules\Az.DevOps\.vs\slnx.sqlite
		scripts\ps\modules\Az.DevOps\.vs\VSWorkspaceState.json = scripts\ps\modules\Az.DevOps\.vs\VSWorkspaceState.json
	EndProjectSection
EndProject
Project("{2150E333-8FDC-42A3-9474-1A3956D46DE8}") = "Az.DevOps", "Az.DevOps", "{D15E7671-54E4-4FC1-85C1-454AB57E8EF2}"
EndProject
Project("{2150E333-8FDC-42A3-9474-1A3956D46DE8}") = "v16", "v16", "{B10EB6F6-193B-4541-9153-8379C88BDFCC}"
	ProjectSection(SolutionItems) = preProject
		scripts\ps\modules\Az.DevOps\.vs\Az.DevOps\v16\.suo = scripts\ps\modules\Az.DevOps\.vs\Az.DevOps\v16\.suo
	EndProjectSection
EndProject
Project("{2150E333-8FDC-42A3-9474-1A3956D46DE8}") = "bin", "bin", "{AF8D8AAB-7B13-4919-8D36-EF10DB9D7DF3}"
EndProject
Project("{2150E333-8FDC-42A3-9474-1A3956D46DE8}") = "modules", "modules", "{0A08E111-CEAA-4CCC-B8A1-9FE964C91D6C}"
EndProject
Project("{2150E333-8FDC-42A3-9474-1A3956D46DE8}") = "Builds", "Builds", "{19E98CA1-AD6C-43D6-A57D-526D75C84347}"
	ProjectSection(SolutionItems) = preProject
		scripts\ps\modules\Az.DevOps\modules\Builds\Add-AzDoBuildPipelineVariable.psm1 = scripts\ps\modules\Az.DevOps\modules\Builds\Add-AzDoBuildPipelineVariable.psm1
		scripts\ps\modules\Az.DevOps\modules\Builds\Get-AzDoBuildDefinition.psm1 = scripts\ps\modules\Az.DevOps\modules\Builds\Get-AzDoBuildDefinition.psm1
		scripts\ps\modules\Az.DevOps\modules\Builds\Get-AzDoBuildPipelineVariables.psm1 = scripts\ps\modules\Az.DevOps\modules\Builds\Get-AzDoBuildPipelineVariables.psm1
		scripts\ps\modules\Az.DevOps\modules\Builds\Get-AzDoBuilds.psm1 = scripts\ps\modules\Az.DevOps\modules\Builds\Get-AzDoBuilds.psm1
		scripts\ps\modules\Az.DevOps\modules\Builds\Get-AzDoBuildWorkItems.psm1 = scripts\ps\modules\Az.DevOps\modules\Builds\Get-AzDoBuildWorkItems.psm1
		scripts\ps\modules\Az.DevOps\modules\Builds\Remove-AzDoBuildPipelineVariable.psm1 = scripts\ps\modules\Az.DevOps\modules\Builds\Remove-AzDoBuildPipelineVariable.psm1
	EndProjectSection
EndProject
Project("{2150E333-8FDC-42A3-9474-1A3956D46DE8}") = "Libraries", "Libraries", "{A8918062-464F-4B32-8A08-6F72E4A67349}"
	ProjectSection(SolutionItems) = preProject
		scripts\ps\modules\Az.DevOps\modules\Libraries\Add-AzDoLibrarySecurityRole.psm1 = scripts\ps\modules\Az.DevOps\modules\Libraries\Add-AzDoLibrarySecurityRole.psm1
		scripts\ps\modules\Az.DevOps\modules\Libraries\Add-AzDoVariableGroupResourceAssignment.psm1 = scripts\ps\modules\Az.DevOps\modules\Libraries\Add-AzDoVariableGroupResourceAssignment.psm1
		scripts\ps\modules\Az.DevOps\modules\Libraries\Add-AzDoVariableGroupVariable.psm1 = scripts\ps\modules\Az.DevOps\modules\Libraries\Add-AzDoVariableGroupVariable.psm1
		scripts\ps\modules\Az.DevOps\modules\Libraries\Get-AzDoVariableGroupResourceAssignments.psm1 = scripts\ps\modules\Az.DevOps\modules\Libraries\Get-AzDoVariableGroupResourceAssignments.psm1
		scripts\ps\modules\Az.DevOps\modules\Libraries\Get-AzDoVariableGroupRoleDefinitions.psm1 = scripts\ps\modules\Az.DevOps\modules\Libraries\Get-AzDoVariableGroupRoleDefinitions.psm1
		scripts\ps\modules\Az.DevOps\modules\Libraries\Get-AzDoVariableGroups.psm1 = scripts\ps\modules\Az.DevOps\modules\Libraries\Get-AzDoVariableGroups.psm1
		scripts\ps\modules\Az.DevOps\modules\Libraries\Import-AzDoVariableGroupVariables.psm1 = scripts\ps\modules\Az.DevOps\modules\Libraries\Import-AzDoVariableGroupVariables.psm1
		scripts\ps\modules\Az.DevOps\modules\Libraries\New-AzDoVariableGroup.psm1 = scripts\ps\modules\Az.DevOps\modules\Libraries\New-AzDoVariableGroup.psm1
		scripts\ps\modules\Az.DevOps\modules\Libraries\Remove-AzDoLibrarySecurityRole.psm1 = scripts\ps\modules\Az.DevOps\modules\Libraries\Remove-AzDoLibrarySecurityRole.psm1
		scripts\ps\modules\Az.DevOps\modules\Libraries\Remove-AzDoVariableGroup.psm1 = scripts\ps\modules\Az.DevOps\modules\Libraries\Remove-AzDoVariableGroup.psm1
		scripts\ps\modules\Az.DevOps\modules\Libraries\Remove-AzDoVariableGroupResourceAssignment.psm1 = scripts\ps\modules\Az.DevOps\modules\Libraries\Remove-AzDoVariableGroupResourceAssignment.psm1
		scripts\ps\modules\Az.DevOps\modules\Libraries\Remove-AzDoVariableGroupVariable.psm1 = scripts\ps\modules\Az.DevOps\modules\Libraries\Remove-AzDoVariableGroupVariable.psm1
		scripts\ps\modules\Az.DevOps\modules\Libraries\Reset-AzDoVariableGroup.psm1 = scripts\ps\modules\Az.DevOps\modules\Libraries\Reset-AzDoVariableGroup.psm1
		scripts\ps\modules\Az.DevOps\modules\Libraries\Set-AzDoVariableGroupPermissionInheritance.psm1 = scripts\ps\modules\Az.DevOps\modules\Libraries\Set-AzDoVariableGroupPermissionInheritance.psm1
		scripts\ps\modules\Az.DevOps\modules\Libraries\Set-AzDoVariableGroupVariable.psm1 = scripts\ps\modules\Az.DevOps\modules\Libraries\Set-AzDoVariableGroupVariable.psm1
	EndProjectSection
EndProject
Project("{2150E333-8FDC-42A3-9474-1A3956D46DE8}") = "Projects", "Projects", "{17EDE1E1-2D86-4770-81D2-1338784BD56C}"
	ProjectSection(SolutionItems) = preProject
		scripts\ps\modules\Az.DevOps\modules\Projects\Get-AzDoProjectDetails.psm1 = scripts\ps\modules\Az.DevOps\modules\Projects\Get-AzDoProjectDetails.psm1
		scripts\ps\modules\Az.DevOps\modules\Projects\Get-AzDoProjects.psm1 = scripts\ps\modules\Az.DevOps\modules\Projects\Get-AzDoProjects.psm1
	EndProjectSection
EndProject
Project("{2150E333-8FDC-42A3-9474-1A3956D46DE8}") = "Releases", "Releases", "{48EED5E9-41C5-4A95-94A2-4DB744F75335}"
	ProjectSection(SolutionItems) = preProject
		scripts\ps\modules\Az.DevOps\modules\Releases\Add-AzDoReleasePipelineVaraibleGroup.psm1 = scripts\ps\modules\Az.DevOps\modules\Releases\Add-AzDoReleasePipelineVaraibleGroup.psm1
		scripts\ps\modules\Az.DevOps\modules\Releases\Add-AzDoReleasePipelineVariable.psm1 = scripts\ps\modules\Az.DevOps\modules\Releases\Add-AzDoReleasePipelineVariable.psm1
		scripts\ps\modules\Az.DevOps\modules\Releases\Get-AzDoRelease.psm1 = scripts\ps\modules\Az.DevOps\modules\Releases\Get-AzDoRelease.psm1
		scripts\ps\modules\Az.DevOps\modules\Releases\Get-AzDoReleaseDefinition.psm1 = scripts\ps\modules\Az.DevOps\modules\Releases\Get-AzDoReleaseDefinition.psm1
		scripts\ps\modules\Az.DevOps\modules\Releases\Get-AzDoReleasePipelineVariableGroups.psm1 = scripts\ps\modules\Az.DevOps\modules\Releases\Get-AzDoReleasePipelineVariableGroups.psm1
		scripts\ps\modules\Az.DevOps\modules\Releases\Get-AzDoReleasePipelineVariables.psm1 = scripts\ps\modules\Az.DevOps\modules\Releases\Get-AzDoReleasePipelineVariables.psm1
		scripts\ps\modules\Az.DevOps\modules\Releases\Get-AzDoReleaseWorkItems.psm1 = scripts\ps\modules\Az.DevOps\modules\Releases\Get-AzDoReleaseWorkItems.psm1
		scripts\ps\modules\Az.DevOps\modules\Releases\Remove-AzDoReleasePipelineVariable.psm1 = scripts\ps\modules\Az.DevOps\modules\Releases\Remove-AzDoReleasePipelineVariable.psm1
	EndProjectSection
EndProject
Project("{2150E333-8FDC-42A3-9474-1A3956D46DE8}") = "Repos", "Repos", "{DE09C406-0DB1-4052-B34A-BA981C689548}"
	ProjectSection(SolutionItems) = preProject
		scripts\ps\modules\Az.DevOps\modules\Repos\Add-AzDoGitRepoBranch.psm1 = scripts\ps\modules\Az.DevOps\modules\Repos\Add-AzDoGitRepoBranch.psm1
		scripts\ps\modules\Az.DevOps\modules\Repos\Get-AzDoGitRepoBranches.psm1 = scripts\ps\modules\Az.DevOps\modules\Repos\Get-AzDoGitRepoBranches.psm1
		scripts\ps\modules\Az.DevOps\modules\Repos\Get-AzDoGitRepos.psm1 = scripts\ps\modules\Az.DevOps\modules\Repos\Get-AzDoGitRepos.psm1
		scripts\ps\modules\Az.DevOps\modules\Repos\New-AzDoGitRepo.psm1 = scripts\ps\modules\Az.DevOps\modules\Repos\New-AzDoGitRepo.psm1
		scripts\ps\modules\Az.DevOps\modules\Repos\Remove-AzDoGitRepo.psm1 = scripts\ps\modules\Az.DevOps\modules\Repos\Remove-AzDoGitRepo.psm1
		scripts\ps\modules\Az.DevOps\modules\Repos\Remove-AzDoGitRepoBranch.psm1 = scripts\ps\modules\Az.DevOps\modules\Repos\Remove-AzDoGitRepoBranch.psm1
	EndProjectSection
EndProject
Project("{2150E333-8FDC-42A3-9474-1A3956D46DE8}") = "Security", "Security", "{11DAB150-12BB-43B1-8B5F-50196B13B8F4}"
	ProjectSection(SolutionItems) = preProject
		scripts\ps\modules\Az.DevOps\modules\Security\Add-AzDoSecurityGroupMember.psm1 = scripts\ps\modules\Az.DevOps\modules\Security\Add-AzDoSecurityGroupMember.psm1
		scripts\ps\modules\Az.DevOps\modules\Security\Get-AzDoIdentities.psm1 = scripts\ps\modules\Az.DevOps\modules\Security\Get-AzDoIdentities.psm1
		scripts\ps\modules\Az.DevOps\modules\Security\Get-AzDoSecurityGroupMemebers.psm1 = scripts\ps\modules\Az.DevOps\modules\Security\Get-AzDoSecurityGroupMemebers.psm1
		scripts\ps\modules\Az.DevOps\modules\Security\Get-AzDoSecurityGroups.psm1 = scripts\ps\modules\Az.DevOps\modules\Security\Get-AzDoSecurityGroups.psm1
		scripts\ps\modules\Az.DevOps\modules\Security\Get-AzDoSubjectLookup.psm1 = scripts\ps\modules\Az.DevOps\modules\Security\Get-AzDoSubjectLookup.psm1
		scripts\ps\modules\Az.DevOps\modules\Security\Get-AzDoTeamMembers.psm1 = scripts\ps\modules\Az.DevOps\modules\Security\Get-AzDoTeamMembers.psm1
		scripts\ps\modules\Az.DevOps\modules\Security\Get-AzDoTeams.psm1 = scripts\ps\modules\Az.DevOps\modules\Security\Get-AzDoTeams.psm1
		scripts\ps\modules\Az.DevOps\modules\Security\Get-AzDoUserDetails.psm1 = scripts\ps\modules\Az.DevOps\modules\Security\Get-AzDoUserDetails.psm1
		scripts\ps\modules\Az.DevOps\modules\Security\Get-AzDoUserEntitlements.psm1 = scripts\ps\modules\Az.DevOps\modules\Security\Get-AzDoUserEntitlements.psm1
		scripts\ps\modules\Az.DevOps\modules\Security\Get-AzDoUsers.psm1 = scripts\ps\modules\Az.DevOps\modules\Security\Get-AzDoUsers.psm1
		scripts\ps\modules\Az.DevOps\modules\Security\New-AzDoSecurityGroup.psm1 = scripts\ps\modules\Az.DevOps\modules\Security\New-AzDoSecurityGroup.psm1
		scripts\ps\modules\Az.DevOps\modules\Security\New-AzDoTeam.psm1 = scripts\ps\modules\Az.DevOps\modules\Security\New-AzDoTeam.psm1
		scripts\ps\modules\Az.DevOps\modules\Security\Remove-AzDoSecurityGroup.psm1 = scripts\ps\modules\Az.DevOps\modules\Security\Remove-AzDoSecurityGroup.psm1
		scripts\ps\modules\Az.DevOps\modules\Security\Remove-AzDoSecurityGroupMember.psm1 = scripts\ps\modules\Az.DevOps\modules\Security\Remove-AzDoSecurityGroupMember.psm1
		scripts\ps\modules\Az.DevOps\modules\Security\Remove-AzDoTeam.psm1 = scripts\ps\modules\Az.DevOps\modules\Security\Remove-AzDoTeam.psm1
	EndProjectSection
EndProject
Project("{2150E333-8FDC-42A3-9474-1A3956D46DE8}") = "ServiceEndpoints", "ServiceEndpoints", "{BA6FFB94-28D8-45CF-85A0-7AC52C28BF5E}"
	ProjectSection(SolutionItems) = preProject
		scripts\ps\modules\Az.DevOps\modules\ServiceEndpoints\Add-AzDoServiceEndpointSecurityRole.psm1 = scripts\ps\modules\Az.DevOps\modules\ServiceEndpoints\Add-AzDoServiceEndpointSecurityRole.psm1
		scripts\ps\modules\Az.DevOps\modules\ServiceEndpoints\Get-AzDoServiceEndpoints.psm1 = scripts\ps\modules\Az.DevOps\modules\ServiceEndpoints\Get-AzDoServiceEndpoints.psm1
		scripts\ps\modules\Az.DevOps\modules\ServiceEndpoints\Get-AzDoServiceEndpointSecurityRoles.psm1 = scripts\ps\modules\Az.DevOps\modules\ServiceEndpoints\Get-AzDoServiceEndpointSecurityRoles.psm1
	EndProjectSection
EndProject
Project("{2150E333-8FDC-42A3-9474-1A3956D46DE8}") = "Utilities", "Utilities", "{6EC70347-7248-46F8-BEBF-37208F6041B2}"
	ProjectSection(SolutionItems) = preProject
		scripts\ps\modules\Az.DevOps\modules\Utilities\Connect-AzDo.psm1 = scripts\ps\modules\Az.DevOps\modules\Utilities\Connect-AzDo.psm1
		scripts\ps\modules\Az.DevOps\modules\Utilities\Get-AzDoActiveConnection.psm1 = scripts\ps\modules\Az.DevOps\modules\Utilities\Get-AzDoActiveConnection.psm1
		scripts\ps\modules\Az.DevOps\modules\Utilities\Get-AzDoApiUrl.psm1 = scripts\ps\modules\Az.DevOps\modules\Utilities\Get-AzDoApiUrl.psm1
		scripts\ps\modules\Az.DevOps\modules\Utilities\Get-AzDoDescriptors.psm1 = scripts\ps\modules\Az.DevOps\modules\Utilities\Get-AzDoDescriptors.psm1
		scripts\ps\modules\Az.DevOps\modules\Utilities\Get-AzDoHttpHeader.psm1 = scripts\ps\modules\Az.DevOps\modules\Utilities\Get-AzDoHttpHeader.psm1
		scripts\ps\modules\Az.DevOps\modules\Utilities\Set-AzDoGlobalVariables.psm1 = scripts\ps\modules\Az.DevOps\modules\Utilities\Set-AzDoGlobalVariables.psm1
	EndProjectSection
EndProject
Project("{2150E333-8FDC-42A3-9474-1A3956D46DE8}") = "src", "src", "{B8437E99-1EAD-4B68-A2DC-CC80430E2589}"
	ProjectSection(SolutionItems) = preProject
		scripts\ps\modules\Az.DevOps\src\do-build.ps1 = scripts\ps\modules\Az.DevOps\src\do-build.ps1
	EndProjectSection
EndProject
Project("{2150E333-8FDC-42A3-9474-1A3956D46DE8}") = ".vs", ".vs", "{A55741DA-16E3-47E1-B44A-0B546C41C642}"
EndProject
Project("{2150E333-8FDC-42A3-9474-1A3956D46DE8}") = "Az.DevOps", "Az.DevOps", "{0AF27CDB-A26E-46DA-AD9D-9D60F34B759A}"
EndProject
Project("{2150E333-8FDC-42A3-9474-1A3956D46DE8}") = "DesignTimeBuild", "DesignTimeBuild", "{83B4AFC5-C99F-4D29-A119-ACD3F7E18A4F}"
	ProjectSection(SolutionItems) = preProject
		scripts\ps\modules\Az.DevOps\src\.vs\Az.DevOps\DesignTimeBuild\.dtbcache = scripts\ps\modules\Az.DevOps\src\.vs\Az.DevOps\DesignTimeBuild\.dtbcache
	EndProjectSection
EndProject
Project("{2150E333-8FDC-42A3-9474-1A3956D46DE8}") = "v16", "v16", "{489156FC-52A5-44E4-93BF-BCA9BED50ED5}"
	ProjectSection(SolutionItems) = preProject
		scripts\ps\modules\Az.DevOps\src\.vs\Az.DevOps\v16\.suo = scripts\ps\modules\Az.DevOps\src\.vs\Az.DevOps\v16\.suo
	EndProjectSection
EndProject
Project("{2150E333-8FDC-42A3-9474-1A3956D46DE8}") = "Server", "Server", "{AB48752B-4E39-44A2-AEC7-7F0FFC6A142F}"
EndProject
Project("{2150E333-8FDC-42A3-9474-1A3956D46DE8}") = "sqlite3", "sqlite3", "{5A80C596-70FA-4076-9656-077D7B6529CD}"
	ProjectSection(SolutionItems) = preProject
		scripts\ps\modules\Az.DevOps\src\.vs\Az.DevOps\v16\Server\sqlite3\db.lock = scripts\ps\modules\Az.DevOps\src\.vs\Az.DevOps\v16\Server\sqlite3\db.lock
		scripts\ps\modules\Az.DevOps\src\.vs\Az.DevOps\v16\Server\sqlite3\storage.ide = scripts\ps\modules\Az.DevOps\src\.vs\Az.DevOps\v16\Server\sqlite3\storage.ide
	EndProjectSection
EndProject
Project("{2150E333-8FDC-42A3-9474-1A3956D46DE8}") = "TestStore", "TestStore", "{864AD2E9-39EC-4A77-A045-7ED6244F9987}"
EndProject
Project("{2150E333-8FDC-42A3-9474-1A3956D46DE8}") = "0", "0", "{A021ED96-53E0-4E75-AED6-B3590B1CA17A}"
	ProjectSection(SolutionItems) = preProject
		scripts\ps\modules\Az.DevOps\src\.vs\Az.DevOps\v16\TestStore\0\000-0000.testlog = scripts\ps\modules\Az.DevOps\src\.vs\Az.DevOps\v16\TestStore\0\000-0000.testlog
		scripts\ps\modules\Az.DevOps\src\.vs\Az.DevOps\v16\TestStore\0\testlog.manifest = scripts\ps\modules\Az.DevOps\src\.vs\Az.DevOps\v16\TestStore\0\testlog.manifest
	EndProjectSection
EndProject
Project("{2150E333-8FDC-42A3-9474-1A3956D46DE8}") = "bin", "bin", "{B78FC962-67E9-4DF8-98C5-6F3347D78B40}"
EndProject
Project("{2150E333-8FDC-42A3-9474-1A3956D46DE8}") = "netstandard2.0", "netstandard2.0", "{7F331CA7-838B-440B-A173-30FE87BDF4EE}"
	ProjectSection(SolutionItems) = preProject
		scripts\ps\modules\Az.DevOps\src\bin\netstandard2.0\Az.DevOpsClasses.deps.json = scripts\ps\modules\Az.DevOps\src\bin\netstandard2.0\Az.DevOpsClasses.deps.json
		scripts\ps\modules\Az.DevOps\src\bin\netstandard2.0\Az.DevOpsClasses.dll = scripts\ps\modules\Az.DevOps\src\bin\netstandard2.0\Az.DevOpsClasses.dll
		scripts\ps\modules\Az.DevOps\src\bin\netstandard2.0\Az.DevOpsClasses.pdb = scripts\ps\modules\Az.DevOps\src\bin\netstandard2.0\Az.DevOpsClasses.pdb
	EndProjectSection
EndProject
Project("{2150E333-8FDC-42A3-9474-1A3956D46DE8}") = "Classes", "Classes", "{3B71FB49-2028-4D95-9A77-38F7201B5ADB}"
EndProject
Project("{2150E333-8FDC-42A3-9474-1A3956D46DE8}") = "Classes.UnitTests", "Classes.UnitTests", "{577E2347-EA65-444E-9C4D-B77A2C3D072D}"
EndProject
Project("{2150E333-8FDC-42A3-9474-1A3956D46DE8}") = "tests", "tests", "{15B68404-18F4-49EB-94CF-F0D1D07F5B4E}"
	ProjectSection(SolutionItems) = preProject
		scripts\ps\modules\Az.DevOps\tests\Test-Script.csv = scripts\ps\modules\Az.DevOps\tests\Test-Script.csv
		scripts\ps\modules\Az.DevOps\tests\Test-Scripts.ps1 = scripts\ps\modules\Az.DevOps\tests\Test-Scripts.ps1
	EndProjectSection
EndProject
Project("{9A19103F-16F7-4668-BE54-9A1E7A4F7556}") = "Az.DevOpsClasses", "scripts\ps\modules\Az.DevOps\src\Classes\Az.DevOpsClasses.csproj", "{995DC932-D44E-405D-ABCB-3464828693D1}"
EndProject
Project("{9A19103F-16F7-4668-BE54-9A1E7A4F7556}") = "Classes.UnitTests", "scripts\ps\modules\Az.DevOps\src\Classes.UnitTests\Classes.UnitTests.csproj", "{792126BB-4FCA-4355-A2D3-AA9423E5AE57}"
EndProject
Project("{2150E333-8FDC-42A3-9474-1A3956D46DE8}") = "devops", "devops", "{1DB4FC73-6CB8-41F7-8F53-6A7384E61DAD}"
EndProject
Project("{2150E333-8FDC-42A3-9474-1A3956D46DE8}") = "pipelines", "pipelines", "{CD3C67A0-ADB2-4F46-B8C0-CAB1F472FB39}"
EndProject
Project("{2150E333-8FDC-42A3-9474-1A3956D46DE8}") = "job", "job", "{B25FB7EB-C35C-46D7-9F6D-573F4CC20FC9}"
EndProject
Project("{2150E333-8FDC-42A3-9474-1A3956D46DE8}") = "scripts", "scripts", "{FD4159CD-5904-499F-AB7F-0BBB737B9B71}"
	ProjectSection(SolutionItems) = preProject
		..\..\devops\pipelines\scripts\Set-TemplateOutputVars.ps1 = ..\..\devops\pipelines\scripts\Set-TemplateOutputVars.ps1
	EndProjectSection
EndProject
Project("{2150E333-8FDC-42A3-9474-1A3956D46DE8}") = "stage", "stage", "{70CA6783-F070-405F-A9DB-B78D1EE1D62C}"
EndProject
Project("{2150E333-8FDC-42A3-9474-1A3956D46DE8}") = "step", "step", "{39159919-0D51-4CF2-A10D-DA5D904E3FF4}"
	ProjectSection(SolutionItems) = preProject
		..\..\devops\pipelines\step\arm-event-hub-hub.yml = ..\..\devops\pipelines\step\arm-event-hub-hub.yml
		..\..\devops\pipelines\step\arm-event-hub-namespace.yml = ..\..\devops\pipelines\step\arm-event-hub-namespace.yml
		..\..\devops\pipelines\step\arm-sql-server.yml = ..\..\devops\pipelines\step\arm-sql-server.yml
		..\..\devops\pipelines\step\arm-storage-account-container.yml = ..\..\devops\pipelines\step\arm-storage-account-container.yml
		..\..\devops\pipelines\step\arm-storage-account.yml = ..\..\devops\pipelines\step\arm-storage-account.yml
	EndProjectSection
EndProject
Project("{2150E333-8FDC-42A3-9474-1A3956D46DE8}") = "variables", "variables", "{2C9F2C23-06CC-413B-A4CF-8C3ECC99F272}"
	ProjectSection(SolutionItems) = preProject
		..\..\devops\pipelines\variables\azure-shared.yml = ..\..\devops\pipelines\variables\azure-shared.yml
		..\..\devops\pipelines\variables\development-features.yml = ..\..\devops\pipelines\variables\development-features.yml
		..\..\devops\pipelines\variables\development-variables.yml = ..\..\devops\pipelines\variables\development-variables.yml
		..\..\devops\pipelines\variables\production-features.yml = ..\..\devops\pipelines\variables\production-features.yml
		..\..\devops\pipelines\variables\production-variables.yml = ..\..\devops\pipelines\variables\production-variables.yml
		..\..\devops\pipelines\variables\smoke-features.yml = ..\..\devops\pipelines\variables\smoke-features.yml
		..\..\devops\pipelines\variables\smoke-variables.yml = ..\..\devops\pipelines\variables\smoke-variables.yml
		..\..\devops\pipelines\variables\qui-smoke-features.yml = ..\..\devops\pipelines\variables\smoke-features.yml
		..\..\devops\pipelines\variables\qui-smoke-variables.yml = ..\..\devops\pipelines\variables\smoke-variables.yml
	EndProjectSection
EndProject
Project("{151D2E53-A2C4-4D7D-83FE-D05416EBD58E}") = "arm", "arm\arm.deployproj", "{17A77420-05A5-4E88-AE45-3369067351D0}"
EndProject
Project("{2150E333-8FDC-42A3-9474-1A3956D46DE8}") = "azure", "azure", "{6FA21E53-C783-45E7-9131-62755401BB05}"
	ProjectSection(SolutionItems) = preProject
		scripts\ps\azure\deploy-adap-platform-gui.ps1 = scripts\ps\azure\deploy-adap-platform-gui.ps1
		scripts\ps\azure\deploy-adap-platform.ps1 = scripts\ps\azure\deploy-adap-platform.ps1
		scripts\ps\azure\readme.md = scripts\ps\azure\readme.md
	EndProjectSection
EndProject
Project("{2150E333-8FDC-42A3-9474-1A3956D46DE8}") = "ad", "ad", "{3F100D03-D912-456D-94B3-0FC0B6F83D02}"
	ProjectSection(SolutionItems) = preProject
		scripts\ps\azure\ad\deploy-azure-ad-groups.ps1 = scripts\ps\azure\ad\deploy-azure-ad-groups.ps1
		scripts\ps\azure\ad\deploy-azure-ad-users.ps1 = scripts\ps\azure\ad\deploy-azure-ad-users.ps1
		scripts\ps\azure\ad\deploy-azure-service-principal.ps1 = scripts\ps\azure\ad\deploy-azure-service-principal.ps1
	EndProjectSection
EndProject
Project("{2150E333-8FDC-42A3-9474-1A3956D46DE8}") = "alert", "alert", "{AEDB2E50-BA9A-4303-9698-A168BA64D8A0}"
	ProjectSection(SolutionItems) = preProject
		scripts\ps\azure\alert\deploy-azure-action-group-defs.ps1 = scripts\ps\azure\alert\deploy-azure-action-group-defs.ps1
		scripts\ps\azure\alert\deploy-azure-alert-defs.ps1 = scripts\ps\azure\alert\deploy-azure-alert-defs.ps1
	EndProjectSection
EndProject
Project("{2150E333-8FDC-42A3-9474-1A3956D46DE8}") = "arm", "arm", "{2B2F5557-7E4C-4ACC-A9BC-9E8B02176F7F}"
	ProjectSection(SolutionItems) = preProject
		scripts\ps\azure\arm\create-adap-platform-docs.ps1 = scripts\ps\azure\arm\create-adap-platform-docs.ps1
		scripts\ps\azure\arm\create-arm-template-md.ps1 = scripts\ps\azure\arm\create-arm-template-md.ps1
		scripts\ps\azure\arm\create-arm-template-parameter-files.ps1 = scripts\ps\azure\arm\create-arm-template-parameter-files.ps1
	EndProjectSection
EndProject
Project("{2150E333-8FDC-42A3-9474-1A3956D46DE8}") = "automation", "automation", "{0A4B014A-EFBA-4B65-AEE3-0A4406FB8BD4}"
	ProjectSection(SolutionItems) = preProject
		scripts\ps\azure\automation\deploy-azure-auto-runbooks.ps1 = scripts\ps\azure\automation\deploy-azure-auto-runbooks.ps1
		scripts\ps\azure\automation\export-azure-auto-runbooks.ps1 = scripts\ps\azure\automation\export-azure-auto-runbooks.ps1
	EndProjectSection
EndProject
Project("{2150E333-8FDC-42A3-9474-1A3956D46DE8}") = "blueprint", "blueprint", "{97FDB518-7041-448A-843A-0A0CE9CA4703}"
	ProjectSection(SolutionItems) = preProject
		scripts\ps\azure\blueprint\deploy-azure-blueprint-definitions.ps1 = scripts\ps\azure\blueprint\deploy-azure-blueprint-definitions.ps1
		scripts\ps\azure\blueprint\export-azure-blueprint-definitions.ps1 = scripts\ps\azure\blueprint\export-azure-blueprint-definitions.ps1
	EndProjectSection
EndProject
Project("{2150E333-8FDC-42A3-9474-1A3956D46DE8}") = "common", "common", "{C23DB864-3AF3-46B6-8A6C-02181741B255}"
	ProjectSection(SolutionItems) = preProject
		scripts\ps\azure\common\azure-common.psm1 = scripts\ps\azure\common\azure-common.psm1
		scripts\ps\azure\common\devops-common.ps1 = scripts\ps\azure\common\devops-common.ps1
		scripts\ps\azure\common\remove-azure-all.ps1 = scripts\ps\azure\common\remove-azure-all.ps1
	EndProjectSection
EndProject
Project("{2150E333-8FDC-42A3-9474-1A3956D46DE8}") = "config", "config", "{1C5EF8FE-0BB0-4ACC-960D-A8453B84847C}"
	ProjectSection(SolutionItems) = preProject
		scripts\ps\azure\config\adap-cmdb.xlsm = scripts\ps\azure\config\adap-cmdb.xlsm
		scripts\ps\azure\config\adap-configuration.psm1 = scripts\ps\azure\config\adap-configuration.psm1
		scripts\ps\azure\config\devops-cmdb.xlsx = scripts\ps\azure\config\devops-cmdb.xlsx
	EndProjectSection
EndProject
Project("{2150E333-8FDC-42A3-9474-1A3956D46DE8}") = "devops", "devops", "{4FE1F2ED-37D5-4B4D-96E7-958C3E7FB5DF}"
	ProjectSection(SolutionItems) = preProject
		scripts\ps\azure\devops\import-devops-project.ps1 = scripts\ps\azure\devops\import-devops-project.ps1
	EndProjectSection
EndProject
Project("{2150E333-8FDC-42A3-9474-1A3956D46DE8}") = "policy", "policy", "{A01EC04F-76A3-4CF0-B3C7-3BF0015385AD}"
	ProjectSection(SolutionItems) = preProject
		scripts\ps\azure\policy\arm-policy.doc.ps1 = scripts\ps\azure\policy\arm-policy.doc.ps1
		scripts\ps\azure\policy\assign-azure-policies.ps1 = scripts\ps\azure\policy\assign-azure-policies.ps1
		scripts\ps\azure\policy\create-az-diag-policy.ps1 = scripts\ps\azure\policy\create-az-diag-policy.ps1
		scripts\ps\azure\policy\deploy-azure-policy-definitions.ps1 = scripts\ps\azure\policy\deploy-azure-policy-definitions.ps1
		scripts\ps\azure\policy\deploy-azure-policy-initiatives.ps1 = scripts\ps\azure\policy\deploy-azure-policy-initiatives.ps1
		scripts\ps\azure\policy\export-azure-policies.ps1 = scripts\ps\azure\policy\export-azure-policies.ps1
		scripts\ps\azure\policy\export-azure-policy-initiatives.ps1 = scripts\ps\azure\policy\export-azure-policy-initiatives.ps1
	EndProjectSection
EndProject
Project("{2150E333-8FDC-42A3-9474-1A3956D46DE8}") = "reports", "reports", "{65DE1C8E-933A-4C50-AF8B-F9C02C249B39}"
	ProjectSection(SolutionItems) = preProject
		scripts\ps\azure\reports\auto-azure-access.ps1 = scripts\ps\azure\reports\auto-azure-access.ps1
		scripts\ps\azure\reports\auto-azure-rbac.ps1 = scripts\ps\azure\reports\auto-azure-rbac.ps1
		scripts\ps\azure\reports\auto-azure-sql-backup.ps1 = scripts\ps\azure\reports\auto-azure-sql-backup.ps1
		scripts\ps\azure\reports\auto-azure-tags.ps1 = scripts\ps\azure\reports\auto-azure-tags.ps1
	EndProjectSection
EndProject
Project("{2150E333-8FDC-42A3-9474-1A3956D46DE8}") = "role", "role", "{392EF66C-97A6-44C6-B1CE-344153125740}"
	ProjectSection(SolutionItems) = preProject
		scripts\ps\azure\role\assign-azure-roles.ps1 = scripts\ps\azure\role\assign-azure-roles.ps1
		scripts\ps\azure\role\deploy-azure-role-definitions.ps1 = scripts\ps\azure\role\deploy-azure-role-definitions.ps1
		scripts\ps\azure\role\export-azure-roles.ps1 = scripts\ps\azure\role\export-azure-roles.ps1
	EndProjectSection
EndProject
Project("{2150E333-8FDC-42A3-9474-1A3956D46DE8}") = "security", "security", "{398DD91E-0A15-440B-B76F-97EBFE47E196}"
	ProjectSection(SolutionItems) = preProject
		scripts\ps\azure\security\execute-azure-security-tests.ps1 = scripts\ps\azure\security\execute-azure-security-tests.ps1
	EndProjectSection
EndProject
Project("{2150E333-8FDC-42A3-9474-1A3956D46DE8}") = "test", "test", "{18D41ACB-87CA-4215-8622-84A42C3939A5}"
	ProjectSection(SolutionItems) = preProject
		scripts\ps\azure\test\analysis-services.tests.ps1 = scripts\ps\azure\test\analysis-services.tests.ps1
		scripts\ps\azure\test\arm-test.xml = scripts\ps\azure\test\arm-test.xml
		scripts\ps\azure\test\data-factory.tests.ps1 = scripts\ps\azure\test\data-factory.tests.ps1
		scripts\ps\azure\test\event-hub-namespace.tests.ps1 = scripts\ps\azure\test\event-hub-namespace.tests.ps1
		scripts\ps\azure\test\execute-tests.ps1 = scripts\ps\azure\test\execute-tests.ps1
		scripts\ps\azure\test\servicebus-namespace.tests.ps1 = scripts\ps\azure\test\servicebus-namespace.tests.ps1
		scripts\ps\azure\test\servicebus-topic.tests.ps1 = scripts\ps\azure\test\servicebus-topic.tests.ps1
		scripts\ps\azure\test\sql-server.tests.ps1 = scripts\ps\azure\test\sql-server.tests.ps1
		scripts\ps\azure\test\storage-account.tests.ps1 = scripts\ps\azure\test\storage-account.tests.ps1
		scripts\ps\azure\test\stream-analytics-job.tests.ps1 = scripts\ps\azure\test\stream-analytics-job.tests.ps1
		scripts\ps\azure\test\synapse-dw.tests.ps1 = scripts\ps\azure\test\synapse-dw.tests.ps1
	EndProjectSection
EndProject
Global
	GlobalSection(SolutionConfigurationPlatforms) = preSolution
		Debug|Any CPU = Debug|Any CPU
		Release|Any CPU = Release|Any CPU
	EndGlobalSection
	GlobalSection(ProjectConfigurationPlatforms) = postSolution
		{995DC932-D44E-405D-ABCB-3464828693D1}.Debug|Any CPU.ActiveCfg = Release|Any CPU
		{995DC932-D44E-405D-ABCB-3464828693D1}.Debug|Any CPU.Build.0 = Release|Any CPU
		{995DC932-D44E-405D-ABCB-3464828693D1}.Release|Any CPU.ActiveCfg = Release|Any CPU
		{995DC932-D44E-405D-ABCB-3464828693D1}.Release|Any CPU.Build.0 = Release|Any CPU
		{792126BB-4FCA-4355-A2D3-AA9423E5AE57}.Debug|Any CPU.ActiveCfg = Release|Any CPU
		{792126BB-4FCA-4355-A2D3-AA9423E5AE57}.Debug|Any CPU.Build.0 = Release|Any CPU
		{792126BB-4FCA-4355-A2D3-AA9423E5AE57}.Release|Any CPU.ActiveCfg = Release|Any CPU
		{792126BB-4FCA-4355-A2D3-AA9423E5AE57}.Release|Any CPU.Build.0 = Release|Any CPU
		{17A77420-05A5-4E88-AE45-3369067351D0}.Debug|Any CPU.ActiveCfg = Debug|Any CPU
		{17A77420-05A5-4E88-AE45-3369067351D0}.Debug|Any CPU.Build.0 = Debug|Any CPU
		{17A77420-05A5-4E88-AE45-3369067351D0}.Release|Any CPU.ActiveCfg = Release|Any CPU
		{17A77420-05A5-4E88-AE45-3369067351D0}.Release|Any CPU.Build.0 = Release|Any CPU
	EndGlobalSection
	GlobalSection(SolutionProperties) = preSolution
		HideSolutionNode = FALSE
	EndGlobalSection
	GlobalSection(NestedProjects) = preSolution
		{C9A28607-0A2C-4945-A660-F61A32069FEC} = {31FD6E4A-2A30-477F-8567-A6D9FEB41761}
		{CF17CB03-37C4-414A-99E1-1C3829B40071} = {C9A28607-0A2C-4945-A660-F61A32069FEC}
		{A63BA1E0-9265-43EC-B359-CED93626CC09} = {CF17CB03-37C4-414A-99E1-1C3829B40071}
		{7D1F607F-C98E-4111-89DB-0F8A0B7095CE} = {A63BA1E0-9265-43EC-B359-CED93626CC09}
		{D15E7671-54E4-4FC1-85C1-454AB57E8EF2} = {7D1F607F-C98E-4111-89DB-0F8A0B7095CE}
		{B10EB6F6-193B-4541-9153-8379C88BDFCC} = {D15E7671-54E4-4FC1-85C1-454AB57E8EF2}
		{AF8D8AAB-7B13-4919-8D36-EF10DB9D7DF3} = {A63BA1E0-9265-43EC-B359-CED93626CC09}
		{0A08E111-CEAA-4CCC-B8A1-9FE964C91D6C} = {A63BA1E0-9265-43EC-B359-CED93626CC09}
		{19E98CA1-AD6C-43D6-A57D-526D75C84347} = {0A08E111-CEAA-4CCC-B8A1-9FE964C91D6C}
		{A8918062-464F-4B32-8A08-6F72E4A67349} = {0A08E111-CEAA-4CCC-B8A1-9FE964C91D6C}
		{17EDE1E1-2D86-4770-81D2-1338784BD56C} = {0A08E111-CEAA-4CCC-B8A1-9FE964C91D6C}
		{48EED5E9-41C5-4A95-94A2-4DB744F75335} = {0A08E111-CEAA-4CCC-B8A1-9FE964C91D6C}
		{DE09C406-0DB1-4052-B34A-BA981C689548} = {0A08E111-CEAA-4CCC-B8A1-9FE964C91D6C}
		{11DAB150-12BB-43B1-8B5F-50196B13B8F4} = {0A08E111-CEAA-4CCC-B8A1-9FE964C91D6C}
		{BA6FFB94-28D8-45CF-85A0-7AC52C28BF5E} = {0A08E111-CEAA-4CCC-B8A1-9FE964C91D6C}
		{6EC70347-7248-46F8-BEBF-37208F6041B2} = {0A08E111-CEAA-4CCC-B8A1-9FE964C91D6C}
		{B8437E99-1EAD-4B68-A2DC-CC80430E2589} = {A63BA1E0-9265-43EC-B359-CED93626CC09}
		{A55741DA-16E3-47E1-B44A-0B546C41C642} = {B8437E99-1EAD-4B68-A2DC-CC80430E2589}
		{0AF27CDB-A26E-46DA-AD9D-9D60F34B759A} = {A55741DA-16E3-47E1-B44A-0B546C41C642}
		{83B4AFC5-C99F-4D29-A119-ACD3F7E18A4F} = {0AF27CDB-A26E-46DA-AD9D-9D60F34B759A}
		{489156FC-52A5-44E4-93BF-BCA9BED50ED5} = {0AF27CDB-A26E-46DA-AD9D-9D60F34B759A}
		{AB48752B-4E39-44A2-AEC7-7F0FFC6A142F} = {489156FC-52A5-44E4-93BF-BCA9BED50ED5}
		{5A80C596-70FA-4076-9656-077D7B6529CD} = {AB48752B-4E39-44A2-AEC7-7F0FFC6A142F}
		{864AD2E9-39EC-4A77-A045-7ED6244F9987} = {489156FC-52A5-44E4-93BF-BCA9BED50ED5}
		{A021ED96-53E0-4E75-AED6-B3590B1CA17A} = {864AD2E9-39EC-4A77-A045-7ED6244F9987}
		{B78FC962-67E9-4DF8-98C5-6F3347D78B40} = {B8437E99-1EAD-4B68-A2DC-CC80430E2589}
		{7F331CA7-838B-440B-A173-30FE87BDF4EE} = {B78FC962-67E9-4DF8-98C5-6F3347D78B40}
		{3B71FB49-2028-4D95-9A77-38F7201B5ADB} = {B8437E99-1EAD-4B68-A2DC-CC80430E2589}
		{577E2347-EA65-444E-9C4D-B77A2C3D072D} = {B8437E99-1EAD-4B68-A2DC-CC80430E2589}
		{15B68404-18F4-49EB-94CF-F0D1D07F5B4E} = {A63BA1E0-9265-43EC-B359-CED93626CC09}
		{995DC932-D44E-405D-ABCB-3464828693D1} = {3B71FB49-2028-4D95-9A77-38F7201B5ADB}
		{792126BB-4FCA-4355-A2D3-AA9423E5AE57} = {577E2347-EA65-444E-9C4D-B77A2C3D072D}
		{CD3C67A0-ADB2-4F46-B8C0-CAB1F472FB39} = {1DB4FC73-6CB8-41F7-8F53-6A7384E61DAD}
		{B25FB7EB-C35C-46D7-9F6D-573F4CC20FC9} = {CD3C67A0-ADB2-4F46-B8C0-CAB1F472FB39}
		{FD4159CD-5904-499F-AB7F-0BBB737B9B71} = {CD3C67A0-ADB2-4F46-B8C0-CAB1F472FB39}
		{70CA6783-F070-405F-A9DB-B78D1EE1D62C} = {CD3C67A0-ADB2-4F46-B8C0-CAB1F472FB39}
		{39159919-0D51-4CF2-A10D-DA5D904E3FF4} = {CD3C67A0-ADB2-4F46-B8C0-CAB1F472FB39}
		{2C9F2C23-06CC-413B-A4CF-8C3ECC99F272} = {CD3C67A0-ADB2-4F46-B8C0-CAB1F472FB39}
		{17A77420-05A5-4E88-AE45-3369067351D0} = {DFFA9BE8-D36A-4D21-BDAB-EE77E841AB93}
		{6FA21E53-C783-45E7-9131-62755401BB05} = {C9A28607-0A2C-4945-A660-F61A32069FEC}
		{3F100D03-D912-456D-94B3-0FC0B6F83D02} = {6FA21E53-C783-45E7-9131-62755401BB05}
		{AEDB2E50-BA9A-4303-9698-A168BA64D8A0} = {6FA21E53-C783-45E7-9131-62755401BB05}
		{2B2F5557-7E4C-4ACC-A9BC-9E8B02176F7F} = {6FA21E53-C783-45E7-9131-62755401BB05}
		{0A4B014A-EFBA-4B65-AEE3-0A4406FB8BD4} = {6FA21E53-C783-45E7-9131-62755401BB05}
		{97FDB518-7041-448A-843A-0A0CE9CA4703} = {6FA21E53-C783-45E7-9131-62755401BB05}
		{C23DB864-3AF3-46B6-8A6C-02181741B255} = {6FA21E53-C783-45E7-9131-62755401BB05}
		{1C5EF8FE-0BB0-4ACC-960D-A8453B84847C} = {6FA21E53-C783-45E7-9131-62755401BB05}
		{4FE1F2ED-37D5-4B4D-96E7-958C3E7FB5DF} = {6FA21E53-C783-45E7-9131-62755401BB05}
		{A01EC04F-76A3-4CF0-B3C7-3BF0015385AD} = {6FA21E53-C783-45E7-9131-62755401BB05}
		{65DE1C8E-933A-4C50-AF8B-F9C02C249B39} = {6FA21E53-C783-45E7-9131-62755401BB05}
		{392EF66C-97A6-44C6-B1CE-344153125740} = {6FA21E53-C783-45E7-9131-62755401BB05}
		{398DD91E-0A15-440B-B76F-97EBFE47E196} = {6FA21E53-C783-45E7-9131-62755401BB05}
		{18D41ACB-87CA-4215-8622-84A42C3939A5} = {6FA21E53-C783-45E7-9131-62755401BB05}
	EndGlobalSection
	GlobalSection(ExtensibilityGlobals) = postSolution
		SolutionGuid = {F3314A87-2B67-4F28-BE74-663D67245E73}
	EndGlobalSection
EndGlobal
